
Microsoft Visual Studio Solution File, Format Version 12.00
# Visual Studio Version 17
VisualStudioVersion = 17.5.002.0
MinimumVisualStudioVersion = 10.0.40219.1
Project("{9A19103F-16F7-4668-BE54-9A1E7A4F7556}") = "Calculator", "Calculator.csproj", "{B9FB30CE-7CE5-4043-AFE7-F28D278BA6EE}"
EndProject
Global
	GlobalSection(SolutionConfigurationPlatforms) = preSolution
		Debug|Any CPU = Debug|Any CPU
		Release|Any CPU = Release|Any CPU
	EndGlobalSection
	GlobalSection(ProjectConfigurationPlatforms) = postSolution
		{B9FB30CE-7CE5-4043-AFE7-F28D278BA6EE}.Debug|Any CPU.ActiveCfg = Debug|Any CPU
		{B9FB30CE-7CE5-4043-AFE7-F28D278BA6EE}.Debug|Any CPU.Build.0 = Debug|Any CPU
		{B9FB30CE-7CE5-4043-AFE7-F28D278BA6EE}.Release|Any CPU.ActiveCfg = Release|Any CPU
		{B9FB30CE-7CE5-4043-AFE7-F28D278BA6EE}.Release|Any CPU.Build.0 = Release|Any CPU
	EndGlobalSection
	GlobalSection(SolutionProperties) = preSolution
		HideSolutionNode = FALSE
	EndGlobalSection
	GlobalSection(ExtensibilityGlobals) = postSolution
		SolutionGuid = {7CACA371-1985-497D-A514-DD86C8F71C6D}
	EndGlobalSection
EndGlobal
